Microsoft Visual Studio Solution File, Format Version 12.00
# Visual Studio Version 16
VisualStudioVersion = 16.0.0.0
MinimumVisualStudioVersion = 16.0.0.0

Project("{2150E333-8FDC-42A3-9474-1A3956D46DE8}") = "Client", "Client", "{FB467803-901C-4565-93B3-0EFD31803372}"
EndProject
Project("{9A19103F-16F7-4668-BE54-9A1E7A4F7556}") = "Client.Blazor", "Client\Client.Blazor\Client.Blazor.csproj", "{58EAA16B-4B10-4C13-A852-F03E6C8BBC92}"
EndProject

Project("{2150E333-8FDC-42A3-9474-1A3956D46DE8}") = "Server", "Server", "{1C91427F-0B50-43AA-BF5B-7B6575F956C4}"
EndProject
Project("{2150E333-8FDC-42A3-9474-1A3956D46DE8}") = "UserManagement", "UserManagement", "{4E17E0FD-E98C-4460-949B-A7A310BF943A}"
EndProject
Project("{FAE04EC0-301F-11D3-BF4B-00C04F79EFBC}") = "UserManagement.Api", "Server\UserManagement\UserManagement.Api\UserManagement.Api.csproj", "{79AF3287-97E6-4846-88D9-3A2AAB2225B4}"
EndProject
Project("{FAE04EC0-301F-11D3-BF4B-00C04F79EFBC}") = "UserManagement.Domain", "Server\UserManagement\UserManagement.Domain\UserManagement.Domain.csproj", "{684F30DC-F48E-48AF-95BA-FAA0595FBC7D}"
EndProject
Project("{FAE04EC0-301F-11D3-BF4B-00C04F79EFBC}") = "UserManagement.Application", "Server\UserManagement\UserManagement.Application\UserManagement.Application.csproj", "{D3FE6F0D-1791-4EA4-9096-78240E5736CD}"
EndProject
Project("{FAE04EC0-301F-11D3-BF4B-00C04F79EFBC}") = "UserManagement.Infrastructure", "Server\UserManagement\UserManagement.Infrastructure\UserManagement.Infrastructure.csproj", "{AC931D11-948A-4D30-9E30-B64D33ED2DA4}"
EndProject

Project("{2150E333-8FDC-42A3-9474-1A3956D46DE8}") = "Shared", "Shared", "{CBB6AFC6-721E-4D77-9F99-4F9B17860AF4}"
EndProject
Project("{9A19103F-16F7-4668-BE54-9A1E7A4F7556}") = "Shared.Models", "Shared\Shared.Models\Shared.Models.csproj", "{21E4EDD3-FDB4-413C-A795-A28F751D5BE8}"
EndProject

Project("{2150E333-8FDC-42A3-9474-1A3956D46DE8}") = "Mqtt", "Mqtt", "{C890CA65-2C0D-4EAD-968C-35296DDC427C}"
EndProject
Project("{FAE04EC0-301F-11D3-BF4B-00C04F79EFBC}") = "Mqtt.Broker", "Mqtt\Mqtt.Broker\Mqtt.Broker.csproj", "{C00753E6-835A-4456-AA14-E7E8A9AF92D4}"
EndProject

Project("{2150E333-8FDC-42A3-9474-1A3956D46DE8}") = "Temp", "Temp", "{2913D02C-FE5D-498D-922E-C28F82189671}"
EndProject
Project("{9A19103F-16F7-4668-BE54-9A1E7A4F7556}") = "Temp.Api", "Server\Temp.Api\Temp.Api.csproj", "{F2ACA0E1-46A1-4255-B31D-6EA8CB214C91}"
EndProject
Project("{FAE04EC0-301F-11D3-BF4B-00C04F79EFBC}") = "Temp.Domain", "Server\Temp.Domain\Temp.Domain.csproj", "{1AE2465D-91BD-46E6-94DF-722352E25284}"
EndProject
Project("{FAE04EC0-301F-11D3-BF4B-00C04F79EFBC}") = "Temp.Application", "Server\Temp.Application\Temp.Application.csproj", "{02E970B6-74CB-488C-98CB-EBB2AC7894F5}"
EndProject
Project("{FAE04EC0-301F-11D3-BF4B-00C04F79EFBC}") = "Temp.Infrastructure", "Server\Temp.Infrastructure\Temp.Infrastructure.csproj", "{C5F0EE9D-ABCE-4A2D-98A8-51BCD6DED8DE}"
EndProject



Global
	GlobalSection(SolutionConfigurationPlatforms) = preSolution
		Debug|Any CPU = Debug|Any CPU
		Debug|x64 = Debug|x64
		Debug|x86 = Debug|x86
		Release|Any CPU = Release|Any CPU
		Release|x64 = Release|x64
		Release|x86 = Release|x86
	EndGlobalSection
	GlobalSection(ProjectConfigurationPlatforms) = postSolution
		{58EAA16B-4B10-4C13-A852-F03E6C8BBC92}.Debug|Any CPU.ActiveCfg = Debug|Any CPU
		{58EAA16B-4B10-4C13-A852-F03E6C8BBC92}.Debug|Any CPU.Build.0 = Debug|Any CPU
		{58EAA16B-4B10-4C13-A852-F03E6C8BBC92}.Debug|x64.ActiveCfg = Debug|Any CPU
		{58EAA16B-4B10-4C13-A852-F03E6C8BBC92}.Debug|x64.Build.0 = Debug|Any CPU
		{58EAA16B-4B10-4C13-A852-F03E6C8BBC92}.Debug|x86.ActiveCfg = Debug|Any CPU
		{58EAA16B-4B10-4C13-A852-F03E6C8BBC92}.Debug|x86.Build.0 = Debug|Any CPU
		{58EAA16B-4B10-4C13-A852-F03E6C8BBC92}.Release|Any CPU.ActiveCfg = Release|Any CPU
		{58EAA16B-4B10-4C13-A852-F03E6C8BBC92}.Release|Any CPU.Build.0 = Release|Any CPU
		{58EAA16B-4B10-4C13-A852-F03E6C8BBC92}.Release|x64.ActiveCfg = Release|Any CPU
		{58EAA16B-4B10-4C13-A852-F03E6C8BBC92}.Release|x64.Build.0 = Release|Any CPU
		{58EAA16B-4B10-4C13-A852-F03E6C8BBC92}.Release|x86.ActiveCfg = Release|Any CPU
		{58EAA16B-4B10-4C13-A852-F03E6C8BBC92}.Release|x86.Build.0 = Release|Any CPU
		{F2ACA0E1-46A1-4255-B31D-6EA8CB214C91}.Debug|Any CPU.ActiveCfg = Debug|Any CPU
		{F2ACA0E1-46A1-4255-B31D-6EA8CB214C91}.Debug|Any CPU.Build.0 = Debug|Any CPU
		{F2ACA0E1-46A1-4255-B31D-6EA8CB214C91}.Debug|x64.ActiveCfg = Debug|Any CPU
		{F2ACA0E1-46A1-4255-B31D-6EA8CB214C91}.Debug|x64.Build.0 = Debug|Any CPU
		{F2ACA0E1-46A1-4255-B31D-6EA8CB214C91}.Debug|x86.ActiveCfg = Debug|Any CPU
		{F2ACA0E1-46A1-4255-B31D-6EA8CB214C91}.Debug|x86.Build.0 = Debug|Any CPU
		{F2ACA0E1-46A1-4255-B31D-6EA8CB214C91}.Release|Any CPU.ActiveCfg = Release|Any CPU
		{F2ACA0E1-46A1-4255-B31D-6EA8CB214C91}.Release|Any CPU.Build.0 = Release|Any CPU
		{F2ACA0E1-46A1-4255-B31D-6EA8CB214C91}.Release|x64.ActiveCfg = Release|Any CPU
		{F2ACA0E1-46A1-4255-B31D-6EA8CB214C91}.Release|x64.Build.0 = Release|Any CPU
		{F2ACA0E1-46A1-4255-B31D-6EA8CB214C91}.Release|x86.ActiveCfg = Release|Any CPU
		{F2ACA0E1-46A1-4255-B31D-6EA8CB214C91}.Release|x86.Build.0 = Release|Any CPU
		{21E4EDD3-FDB4-413C-A795-A28F751D5BE8}.Debug|Any CPU.ActiveCfg = Debug|Any CPU
		{21E4EDD3-FDB4-413C-A795-A28F751D5BE8}.Debug|Any CPU.Build.0 = Debug|Any CPU
		{21E4EDD3-FDB4-413C-A795-A28F751D5BE8}.Debug|x64.ActiveCfg = Debug|Any CPU
		{21E4EDD3-FDB4-413C-A795-A28F751D5BE8}.Debug|x64.Build.0 = Debug|Any CPU
		{21E4EDD3-FDB4-413C-A795-A28F751D5BE8}.Debug|x86.ActiveCfg = Debug|Any CPU
		{21E4EDD3-FDB4-413C-A795-A28F751D5BE8}.Debug|x86.Build.0 = Debug|Any CPU
		{21E4EDD3-FDB4-413C-A795-A28F751D5BE8}.Release|Any CPU.ActiveCfg = Release|Any CPU
		{21E4EDD3-FDB4-413C-A795-A28F751D5BE8}.Release|Any CPU.Build.0 = Release|Any CPU
		{21E4EDD3-FDB4-413C-A795-A28F751D5BE8}.Release|x64.ActiveCfg = Release|Any CPU
		{21E4EDD3-FDB4-413C-A795-A28F751D5BE8}.Release|x64.Build.0 = Release|Any CPU
		{21E4EDD3-FDB4-413C-A795-A28F751D5BE8}.Release|x86.ActiveCfg = Release|Any CPU
		{21E4EDD3-FDB4-413C-A795-A28F751D5BE8}.Release|x86.Build.0 = Release|Any CPU
		{C00753E6-835A-4456-AA14-E7E8A9AF92D4}.Debug|Any CPU.ActiveCfg = Debug|Any CPU
		{C00753E6-835A-4456-AA14-E7E8A9AF92D4}.Debug|Any CPU.Build.0 = Debug|Any CPU
		{C00753E6-835A-4456-AA14-E7E8A9AF92D4}.Debug|x64.ActiveCfg = Debug|Any CPU
		{C00753E6-835A-4456-AA14-E7E8A9AF92D4}.Debug|x64.Build.0 = Debug|Any CPU
		{C00753E6-835A-4456-AA14-E7E8A9AF92D4}.Debug|x86.ActiveCfg = Debug|Any CPU
		{C00753E6-835A-4456-AA14-E7E8A9AF92D4}.Debug|x86.Build.0 = Debug|Any CPU
		{C00753E6-835A-4456-AA14-E7E8A9AF92D4}.Release|Any CPU.ActiveCfg = Release|Any CPU
		{C00753E6-835A-4456-AA14-E7E8A9AF92D4}.Release|Any CPU.Build.0 = Release|Any CPU
		{C00753E6-835A-4456-AA14-E7E8A9AF92D4}.Release|x64.ActiveCfg = Release|Any CPU
		{C00753E6-835A-4456-AA14-E7E8A9AF92D4}.Release|x64.Build.0 = Release|Any CPU
		{C00753E6-835A-4456-AA14-E7E8A9AF92D4}.Release|x86.ActiveCfg = Release|Any CPU
		{C00753E6-835A-4456-AA14-E7E8A9AF92D4}.Release|x86.Build.0 = Release|Any CPU
		{1AE2465D-91BD-46E6-94DF-722352E25284}.Debug|Any CPU.ActiveCfg = Debug|Any CPU
		{1AE2465D-91BD-46E6-94DF-722352E25284}.Debug|Any CPU.Build.0 = Debug|Any CPU
		{1AE2465D-91BD-46E6-94DF-722352E25284}.Debug|x64.ActiveCfg = Debug|Any CPU
		{1AE2465D-91BD-46E6-94DF-722352E25284}.Debug|x64.Build.0 = Debug|Any CPU
		{1AE2465D-91BD-46E6-94DF-722352E25284}.Debug|x86.ActiveCfg = Debug|Any CPU
		{1AE2465D-91BD-46E6-94DF-722352E25284}.Debug|x86.Build.0 = Debug|Any CPU
		{1AE2465D-91BD-46E6-94DF-722352E25284}.Release|Any CPU.ActiveCfg = Release|Any CPU
		{1AE2465D-91BD-46E6-94DF-722352E25284}.Release|Any CPU.Build.0 = Release|Any CPU
		{1AE2465D-91BD-46E6-94DF-722352E25284}.Release|x64.ActiveCfg = Release|Any CPU
		{1AE2465D-91BD-46E6-94DF-722352E25284}.Release|x64.Build.0 = Release|Any CPU
		{1AE2465D-91BD-46E6-94DF-722352E25284}.Release|x86.ActiveCfg = Release|Any CPU
		{1AE2465D-91BD-46E6-94DF-722352E25284}.Release|x86.Build.0 = Release|Any CPU
		{02E970B6-74CB-488C-98CB-EBB2AC7894F5}.Debug|Any CPU.ActiveCfg = Debug|Any CPU
		{02E970B6-74CB-488C-98CB-EBB2AC7894F5}.Debug|Any CPU.Build.0 = Debug|Any CPU
		{02E970B6-74CB-488C-98CB-EBB2AC7894F5}.Debug|x64.ActiveCfg = Debug|Any CPU
		{02E970B6-74CB-488C-98CB-EBB2AC7894F5}.Debug|x64.Build.0 = Debug|Any CPU
		{02E970B6-74CB-488C-98CB-EBB2AC7894F5}.Debug|x86.ActiveCfg = Debug|Any CPU
		{02E970B6-74CB-488C-98CB-EBB2AC7894F5}.Debug|x86.Build.0 = Debug|Any CPU
		{02E970B6-74CB-488C-98CB-EBB2AC7894F5}.Release|Any CPU.ActiveCfg = Release|Any CPU
		{02E970B6-74CB-488C-98CB-EBB2AC7894F5}.Release|Any CPU.Build.0 = Release|Any CPU
		{02E970B6-74CB-488C-98CB-EBB2AC7894F5}.Release|x64.ActiveCfg = Release|Any CPU
		{02E970B6-74CB-488C-98CB-EBB2AC7894F5}.Release|x64.Build.0 = Release|Any CPU
		{02E970B6-74CB-488C-98CB-EBB2AC7894F5}.Release|x86.ActiveCfg = Release|Any CPU
		{02E970B6-74CB-488C-98CB-EBB2AC7894F5}.Release|x86.Build.0 = Release|Any CPU
		{C5F0EE9D-ABCE-4A2D-98A8-51BCD6DED8DE}.Debug|Any CPU.ActiveCfg = Debug|Any CPU
		{C5F0EE9D-ABCE-4A2D-98A8-51BCD6DED8DE}.Debug|Any CPU.Build.0 = Debug|Any CPU
		{C5F0EE9D-ABCE-4A2D-98A8-51BCD6DED8DE}.Debug|x64.ActiveCfg = Debug|Any CPU
		{C5F0EE9D-ABCE-4A2D-98A8-51BCD6DED8DE}.Debug|x64.Build.0 = Debug|Any CPU
		{C5F0EE9D-ABCE-4A2D-98A8-51BCD6DED8DE}.Debug|x86.ActiveCfg = Debug|Any CPU
		{C5F0EE9D-ABCE-4A2D-98A8-51BCD6DED8DE}.Debug|x86.Build.0 = Debug|Any CPU
		{C5F0EE9D-ABCE-4A2D-98A8-51BCD6DED8DE}.Release|Any CPU.ActiveCfg = Release|Any CPU
		{C5F0EE9D-ABCE-4A2D-98A8-51BCD6DED8DE}.Release|Any CPU.Build.0 = Release|Any CPU
		{C5F0EE9D-ABCE-4A2D-98A8-51BCD6DED8DE}.Release|x64.ActiveCfg = Release|Any CPU
		{C5F0EE9D-ABCE-4A2D-98A8-51BCD6DED8DE}.Release|x64.Build.0 = Release|Any CPU
		{C5F0EE9D-ABCE-4A2D-98A8-51BCD6DED8DE}.Release|x86.ActiveCfg = Release|Any CPU
		{C5F0EE9D-ABCE-4A2D-98A8-51BCD6DED8DE}.Release|x86.Build.0 = Release|Any CPU
		{79AF3287-97E6-4846-88D9-3A2AAB2225B4}.Debug|Any CPU.ActiveCfg = Debug|Any CPU
		{79AF3287-97E6-4846-88D9-3A2AAB2225B4}.Debug|Any CPU.Build.0 = Debug|Any CPU
		{79AF3287-97E6-4846-88D9-3A2AAB2225B4}.Debug|x64.ActiveCfg = Debug|Any CPU
		{79AF3287-97E6-4846-88D9-3A2AAB2225B4}.Debug|x64.Build.0 = Debug|Any CPU
		{79AF3287-97E6-4846-88D9-3A2AAB2225B4}.Debug|x86.ActiveCfg = Debug|Any CPU
		{79AF3287-97E6-4846-88D9-3A2AAB2225B4}.Debug|x86.Build.0 = Debug|Any CPU
		{79AF3287-97E6-4846-88D9-3A2AAB2225B4}.Release|Any CPU.ActiveCfg = Release|Any CPU
		{79AF3287-97E6-4846-88D9-3A2AAB2225B4}.Release|Any CPU.Build.0 = Release|Any CPU
		{79AF3287-97E6-4846-88D9-3A2AAB2225B4}.Release|x64.ActiveCfg = Release|Any CPU
		{79AF3287-97E6-4846-88D9-3A2AAB2225B4}.Release|x64.Build.0 = Release|Any CPU
		{79AF3287-97E6-4846-88D9-3A2AAB2225B4}.Release|x86.ActiveCfg = Release|Any CPU
		{79AF3287-97E6-4846-88D9-3A2AAB2225B4}.Release|x86.Build.0 = Release|Any CPU
		{684F30DC-F48E-48AF-95BA-FAA0595FBC7D}.Debug|Any CPU.ActiveCfg = Debug|Any CPU
		{684F30DC-F48E-48AF-95BA-FAA0595FBC7D}.Debug|Any CPU.Build.0 = Debug|Any CPU
		{684F30DC-F48E-48AF-95BA-FAA0595FBC7D}.Debug|x64.ActiveCfg = Debug|Any CPU
		{684F30DC-F48E-48AF-95BA-FAA0595FBC7D}.Debug|x64.Build.0 = Debug|Any CPU
		{684F30DC-F48E-48AF-95BA-FAA0595FBC7D}.Debug|x86.ActiveCfg = Debug|Any CPU
		{684F30DC-F48E-48AF-95BA-FAA0595FBC7D}.Debug|x86.Build.0 = Debug|Any CPU
		{684F30DC-F48E-48AF-95BA-FAA0595FBC7D}.Release|Any CPU.ActiveCfg = Release|Any CPU
		{684F30DC-F48E-48AF-95BA-FAA0595FBC7D}.Release|Any CPU.Build.0 = Release|Any CPU
		{684F30DC-F48E-48AF-95BA-FAA0595FBC7D}.Release|x64.ActiveCfg = Release|Any CPU
		{684F30DC-F48E-48AF-95BA-FAA0595FBC7D}.Release|x64.Build.0 = Release|Any CPU
		{684F30DC-F48E-48AF-95BA-FAA0595FBC7D}.Release|x86.ActiveCfg = Release|Any CPU
		{684F30DC-F48E-48AF-95BA-FAA0595FBC7D}.Release|x86.Build.0 = Release|Any CPU
		{D3FE6F0D-1791-4EA4-9096-78240E5736CD}.Debug|Any CPU.ActiveCfg = Debug|Any CPU
		{D3FE6F0D-1791-4EA4-9096-78240E5736CD}.Debug|Any CPU.Build.0 = Debug|Any CPU
		{D3FE6F0D-1791-4EA4-9096-78240E5736CD}.Debug|x64.ActiveCfg = Debug|Any CPU
		{D3FE6F0D-1791-4EA4-9096-78240E5736CD}.Debug|x64.Build.0 = Debug|Any CPU
		{D3FE6F0D-1791-4EA4-9096-78240E5736CD}.Debug|x86.ActiveCfg = Debug|Any CPU
		{D3FE6F0D-1791-4EA4-9096-78240E5736CD}.Debug|x86.Build.0 = Debug|Any CPU
		{D3FE6F0D-1791-4EA4-9096-78240E5736CD}.Release|Any CPU.ActiveCfg = Release|Any CPU
		{D3FE6F0D-1791-4EA4-9096-78240E5736CD}.Release|Any CPU.Build.0 = Release|Any CPU
		{D3FE6F0D-1791-4EA4-9096-78240E5736CD}.Release|x64.ActiveCfg = Release|Any CPU
		{D3FE6F0D-1791-4EA4-9096-78240E5736CD}.Release|x64.Build.0 = Release|Any CPU
		{D3FE6F0D-1791-4EA4-9096-78240E5736CD}.Release|x86.ActiveCfg = Release|Any CPU
		{D3FE6F0D-1791-4EA4-9096-78240E5736CD}.Release|x86.Build.0 = Release|Any CPU
		{AC931D11-948A-4D30-9E30-B64D33ED2DA4}.Debug|Any CPU.ActiveCfg = Debug|Any CPU
		{AC931D11-948A-4D30-9E30-B64D33ED2DA4}.Debug|Any CPU.Build.0 = Debug|Any CPU
		{AC931D11-948A-4D30-9E30-B64D33ED2DA4}.Debug|x64.ActiveCfg = Debug|Any CPU
		{AC931D11-948A-4D30-9E30-B64D33ED2DA4}.Debug|x64.Build.0 = Debug|Any CPU
		{AC931D11-948A-4D30-9E30-B64D33ED2DA4}.Debug|x86.ActiveCfg = Debug|Any CPU
		{AC931D11-948A-4D30-9E30-B64D33ED2DA4}.Debug|x86.Build.0 = Debug|Any CPU
		{AC931D11-948A-4D30-9E30-B64D33ED2DA4}.Release|Any CPU.ActiveCfg = Release|Any CPU
		{AC931D11-948A-4D30-9E30-B64D33ED2DA4}.Release|Any CPU.Build.0 = Release|Any CPU
		{AC931D11-948A-4D30-9E30-B64D33ED2DA4}.Release|x64.ActiveCfg = Release|Any CPU
		{AC931D11-948A-4D30-9E30-B64D33ED2DA4}.Release|x64.Build.0 = Release|Any CPU
		{AC931D11-948A-4D30-9E30-B64D33ED2DA4}.Release|x86.ActiveCfg = Release|Any CPU
		{AC931D11-948A-4D30-9E30-B64D33ED2DA4}.Release|x86.Build.0 = Release|Any CPU
	EndGlobalSection
	GlobalSection(SolutionProperties) = preSolution
		HideSolutionNode = FALSE
	EndGlobalSection
	GlobalSection(ExtensibilityGlobals) = postSolution
		SolutionGuid = {1FFDE190-75B0-4019-B99C-DE919A18707D}
	EndGlobalSection
	GlobalSection(NestedProjects) = preSolution
		{58EAA16B-4B10-4C13-A852-F03E6C8BBC92} = {FB467803-901C-4565-93B3-0EFD31803372}
		{4E17E0FD-E98C-4460-949B-A7A310BF943A} = {1C91427F-0B50-43AA-BF5B-7B6575F956C4}
		{79AF3287-97E6-4846-88D9-3A2AAB2225B4} = {4E17E0FD-E98C-4460-949B-A7A310BF943A}
		{684F30DC-F48E-48AF-95BA-FAA0595FBC7D} = {4E17E0FD-E98C-4460-949B-A7A310BF943A}
		{D3FE6F0D-1791-4EA4-9096-78240E5736CD} = {4E17E0FD-E98C-4460-949B-A7A310BF943A}
		{AC931D11-948A-4D30-9E30-B64D33ED2DA4} = {4E17E0FD-E98C-4460-949B-A7A310BF943A}
		{21E4EDD3-FDB4-413C-A795-A28F751D5BE8} = {CBB6AFC6-721E-4D77-9F99-4F9B17860AF4}
		{C00753E6-835A-4456-AA14-E7E8A9AF92D4} = {C890CA65-2C0D-4EAD-968C-35296DDC427C}
		
		{2913D02C-FE5D-498D-922E-C28F82189671} = {1C91427F-0B50-43AA-BF5B-7B6575F956C4}
		{F2ACA0E1-46A1-4255-B31D-6EA8CB214C91} = {2913D02C-FE5D-498D-922E-C28F82189671}
		{02E970B6-74CB-488C-98CB-EBB2AC7894F5} = {2913D02C-FE5D-498D-922E-C28F82189671}
		{1AE2465D-91BD-46E6-94DF-722352E25284} = {2913D02C-FE5D-498D-922E-C28F82189671}
		{C5F0EE9D-ABCE-4A2D-98A8-51BCD6DED8DE} = {2913D02C-FE5D-498D-922E-C28F82189671}
	EndGlobalSection
EndGlobal
