Microsoft Visual Studio Solution File, Format Version 12.00
# Visual Studio Version 16
VisualStudioVersion = 16.0.0.0
MinimumVisualStudioVersion = 16.0.0.0
Project("{2150E333-8FDC-42A3-9474-1A3956D46DE8}") = "Client", "Client", "{FB467803-901C-4565-93B3-0EFD31803372}"
EndProject
Project("{FAE04EC0-301F-11D3-BF4B-00C04F79EFBC}") = "Client.Blazor", "Client\Client.Blazor\Client.Blazor.csproj", "{58EAA16B-4B10-4C13-A852-F03E6C8BBC92}"
EndProject
Project("{2150E333-8FDC-42A3-9474-1A3956D46DE8}") = "Server", "Server", "{1C91427F-0B50-43AA-BF5B-7B6575F956C4}"
EndProject
Project("{2150E333-8FDC-42A3-9474-1A3956D46DE8}") = "UserManagement", "UserManagement", "{4E17E0FD-E98C-4460-949B-A7A310BF943A}"
EndProject
Project("{FAE04EC0-301F-11D3-BF4B-00C04F79EFBC}") = "UserManagement.Api.Http", "Server\UserManagement\UserManagement.Api.Http\UserManagement.Api.Http.csproj", "{79AF3287-97E6-4846-88D9-3A2AAB2225B4}"
EndProject
Project("{FAE04EC0-301F-11D3-BF4B-00C04F79EFBC}") = "UserManagement.Domain", "Server\UserManagement\UserManagement.Domain\UserManagement.Domain.csproj", "{684F30DC-F48E-48AF-95BA-FAA0595FBC7D}"
EndProject
Project("{FAE04EC0-301F-11D3-BF4B-00C04F79EFBC}") = "UserManagement.Application", "Server\UserManagement\UserManagement.Application\UserManagement.Application.csproj", "{D3FE6F0D-1791-4EA4-9096-78240E5736CD}"
EndProject
Project("{FAE04EC0-301F-11D3-BF4B-00C04F79EFBC}") = "UserManagement.Infrastructure", "Server\UserManagement\UserManagement.Infrastructure\UserManagement.Infrastructure.csproj", "{AC931D11-948A-4D30-9E30-B64D33ED2DA4}"
EndProject
Project("{2150E333-8FDC-42A3-9474-1A3956D46DE8}") = "DeviceManagement", "DeviceManagement", "{C3536A55-8922-42EC-AA37-E08F1F51EB4D}"
EndProject
Project("{FAE04EC0-301F-11D3-BF4B-00C04F79EFBC}") = "DeviceManagement.Domain", "Server\DeviceManagement\DeviceManagement.Domain\DeviceManagement.Domain.csproj", "{35795CEB-B402-4201-9D1D-30C735F06877}"
EndProject
Project("{FAE04EC0-301F-11D3-BF4B-00C04F79EFBC}") = "DeviceManagement.Application", "Server\DeviceManagement\DeviceManagement.Application\DeviceManagement.Application.csproj", "{1C0E36A9-EE83-420D-B22C-D2D1DEBFDD68}"
EndProject
Project("{FAE04EC0-301F-11D3-BF4B-00C04F79EFBC}") = "DeviceManagement.Infrastructure", "Server\DeviceManagement\DeviceManagement.Infrastructure\DeviceManagement.Infrastructure.csproj", "{007A94C3-0EFC-49A5-AE32-59D5662CB9F9}"
EndProject
Project("{2150E333-8FDC-42A3-9474-1A3956D46DE8}") = "DeviceControl", "DeviceControl", "{BE917AC1-1A4C-4C56-BE77-5D2C3DCD8B35}"
EndProject
Project("{FAE04EC0-301F-11D3-BF4B-00C04F79EFBC}") = "DeviceControl.Api", "Server\DeviceControl\DeviceControl.Api\DeviceControl.Api.csproj", "{C1CC41C3-AFA1-4673-8B96-4470B1F2840C}"
EndProject
Project("{2150E333-8FDC-42A3-9474-1A3956D46DE8}") = "Shared", "Shared", "{CBB6AFC6-721E-4D77-9F99-4F9B17860AF4}"
EndProject
Project("{FAE04EC0-301F-11D3-BF4B-00C04F79EFBC}") = "Shared.Models", "Shared\Shared.Models\Shared.Models.csproj", "{21E4EDD3-FDB4-413C-A795-A28F751D5BE8}"
EndProject
Project("{2150E333-8FDC-42A3-9474-1A3956D46DE8}") = "Mqtt", "Mqtt", "{C890CA65-2C0D-4EAD-968C-35296DDC427C}"
EndProject
Project("{FAE04EC0-301F-11D3-BF4B-00C04F79EFBC}") = "Mqtt.Broker", "Mqtt\Mqtt.Broker\Mqtt.Broker.csproj", "{C00753E6-835A-4456-AA14-E7E8A9AF92D4}"
EndProject

Project("{FAE04EC0-301F-11D3-BF4B-00C04F79EFBC}") = "DeviceManagement.Api.Startup", "Server\DeviceManagement\DeviceManagement.Api.Startup\DeviceManagement.Api.Startup.csproj", "{9BA16542-579C-42C9-B79D-912A9251BAC7}"
EndProject
Project("{FAE04EC0-301F-11D3-BF4B-00C04F79EFBC}") = "DeviceManagement.Api.Http", "Server\DeviceManagement\DeviceManagement.Api.Http\DeviceManagement.Api.Http.csproj", "{21CDF13E-3163-437B-BB27-AD32F14CF467}"
EndProject
Project("{FAE04EC0-301F-11D3-BF4B-00C04F79EFBC}") = "Libraries.InternalMessaging.CQRS", "Libraries\Libraries.InternalMessaging.CQRS\Libraries.InternalMessaging.CQRS.csproj", "{0994F5AE-C687-4717-872C-2C3F8882C062}"
EndProject
Project("{FAE04EC0-301F-11D3-BF4B-00C04F79EFBC}") = "Libraries.InternalMessaging.DomainEvents", "Libraries\Libraries.InternalMessaging.DomainEvents\Libraries.InternalMessaging.DomainEvents.csproj", "{2A92327F-9897-4124-8627-8DE67309C10D}"
EndProject
Project("{FAE04EC0-301F-11D3-BF4B-00C04F79EFBC}") = "Common.Domain", "Server\Common\Common.Domain\Common.Domain.csproj", "{584BD363-C3B8-4D50-A93F-12151BB6CB55}"
EndProject
Project("{FAE04EC0-301F-11D3-BF4B-00C04F79EFBC}") = "Common.Api", "Server\Common\Common.Api\Common.Api.csproj", "{86395B70-646D-4854-8688-4B45BE569EC9}"
EndProject
Project("{2150E333-8FDC-42A3-9474-1A3956D46DE8}") = "Common", "Common", "{F5FF06EC-52BD-4B20-9932-F870C561BBD1}"
EndProject
Project("{2150E333-8FDC-42A3-9474-1A3956D46DE8}") = "Libraries", "Libraries", "{6F23DE37-7148-43F1-A5B2-CE255099E0F1}"
EndProject
Project("{FAE04EC0-301F-11D3-BF4B-00C04F79EFBC}") = "UserManagement.Api.Startup", "Server\UserManagement\UserManagement.Api.Startup\UserManagement.Api.Startup.csproj", "{D4524F12-1922-4892-92EE-5B822F4DA341}"
EndProject

Global
	GlobalSection(SolutionConfigurationPlatforms) = preSolution
		Debug|Any CPU = Debug|Any CPU
		Debug|x64 = Debug|x64
		Debug|x86 = Debug|x86
		Release|Any CPU = Release|Any CPU
		Release|x64 = Release|x64
		Release|x86 = Release|x86
	EndGlobalSection
	GlobalSection(ProjectConfigurationPlatforms) = postSolution
		{58EAA16B-4B10-4C13-A852-F03E6C8BBC92}.Debug|Any CPU.ActiveCfg = Debug|Any CPU
		{58EAA16B-4B10-4C13-A852-F03E6C8BBC92}.Debug|Any CPU.Build.0 = Debug|Any CPU
		{58EAA16B-4B10-4C13-A852-F03E6C8BBC92}.Debug|x64.ActiveCfg = Debug|Any CPU
		{58EAA16B-4B10-4C13-A852-F03E6C8BBC92}.Debug|x64.Build.0 = Debug|Any CPU
		{58EAA16B-4B10-4C13-A852-F03E6C8BBC92}.Debug|x86.ActiveCfg = Debug|Any CPU
		{58EAA16B-4B10-4C13-A852-F03E6C8BBC92}.Debug|x86.Build.0 = Debug|Any CPU
		{58EAA16B-4B10-4C13-A852-F03E6C8BBC92}.Release|Any CPU.ActiveCfg = Release|Any CPU
		{58EAA16B-4B10-4C13-A852-F03E6C8BBC92}.Release|Any CPU.Build.0 = Release|Any CPU
		{58EAA16B-4B10-4C13-A852-F03E6C8BBC92}.Release|x64.ActiveCfg = Release|Any CPU
		{58EAA16B-4B10-4C13-A852-F03E6C8BBC92}.Release|x64.Build.0 = Release|Any CPU
		{58EAA16B-4B10-4C13-A852-F03E6C8BBC92}.Release|x86.ActiveCfg = Release|Any CPU
		{58EAA16B-4B10-4C13-A852-F03E6C8BBC92}.Release|x86.Build.0 = Release|Any CPU
		{79AF3287-97E6-4846-88D9-3A2AAB2225B4}.Debug|Any CPU.ActiveCfg = Debug|Any CPU
		{79AF3287-97E6-4846-88D9-3A2AAB2225B4}.Debug|Any CPU.Build.0 = Debug|Any CPU
		{79AF3287-97E6-4846-88D9-3A2AAB2225B4}.Debug|x64.ActiveCfg = Debug|Any CPU
		{79AF3287-97E6-4846-88D9-3A2AAB2225B4}.Debug|x64.Build.0 = Debug|Any CPU
		{79AF3287-97E6-4846-88D9-3A2AAB2225B4}.Debug|x86.ActiveCfg = Debug|Any CPU
		{79AF3287-97E6-4846-88D9-3A2AAB2225B4}.Debug|x86.Build.0 = Debug|Any CPU
		{79AF3287-97E6-4846-88D9-3A2AAB2225B4}.Release|Any CPU.ActiveCfg = Release|Any CPU
		{79AF3287-97E6-4846-88D9-3A2AAB2225B4}.Release|Any CPU.Build.0 = Release|Any CPU
		{79AF3287-97E6-4846-88D9-3A2AAB2225B4}.Release|x64.ActiveCfg = Release|Any CPU
		{79AF3287-97E6-4846-88D9-3A2AAB2225B4}.Release|x64.Build.0 = Release|Any CPU
		{79AF3287-97E6-4846-88D9-3A2AAB2225B4}.Release|x86.ActiveCfg = Release|Any CPU
		{79AF3287-97E6-4846-88D9-3A2AAB2225B4}.Release|x86.Build.0 = Release|Any CPU
		{684F30DC-F48E-48AF-95BA-FAA0595FBC7D}.Debug|Any CPU.ActiveCfg = Debug|Any CPU
		{684F30DC-F48E-48AF-95BA-FAA0595FBC7D}.Debug|Any CPU.Build.0 = Debug|Any CPU
		{684F30DC-F48E-48AF-95BA-FAA0595FBC7D}.Debug|x64.ActiveCfg = Debug|Any CPU
		{684F30DC-F48E-48AF-95BA-FAA0595FBC7D}.Debug|x64.Build.0 = Debug|Any CPU
		{684F30DC-F48E-48AF-95BA-FAA0595FBC7D}.Debug|x86.ActiveCfg = Debug|Any CPU
		{684F30DC-F48E-48AF-95BA-FAA0595FBC7D}.Debug|x86.Build.0 = Debug|Any CPU
		{684F30DC-F48E-48AF-95BA-FAA0595FBC7D}.Release|Any CPU.ActiveCfg = Release|Any CPU
		{684F30DC-F48E-48AF-95BA-FAA0595FBC7D}.Release|Any CPU.Build.0 = Release|Any CPU
		{684F30DC-F48E-48AF-95BA-FAA0595FBC7D}.Release|x64.ActiveCfg = Release|Any CPU
		{684F30DC-F48E-48AF-95BA-FAA0595FBC7D}.Release|x64.Build.0 = Release|Any CPU
		{684F30DC-F48E-48AF-95BA-FAA0595FBC7D}.Release|x86.ActiveCfg = Release|Any CPU
		{684F30DC-F48E-48AF-95BA-FAA0595FBC7D}.Release|x86.Build.0 = Release|Any CPU
		{D3FE6F0D-1791-4EA4-9096-78240E5736CD}.Debug|Any CPU.ActiveCfg = Debug|Any CPU
		{D3FE6F0D-1791-4EA4-9096-78240E5736CD}.Debug|Any CPU.Build.0 = Debug|Any CPU
		{D3FE6F0D-1791-4EA4-9096-78240E5736CD}.Debug|x64.ActiveCfg = Debug|Any CPU
		{D3FE6F0D-1791-4EA4-9096-78240E5736CD}.Debug|x64.Build.0 = Debug|Any CPU
		{D3FE6F0D-1791-4EA4-9096-78240E5736CD}.Debug|x86.ActiveCfg = Debug|Any CPU
		{D3FE6F0D-1791-4EA4-9096-78240E5736CD}.Debug|x86.Build.0 = Debug|Any CPU
		{D3FE6F0D-1791-4EA4-9096-78240E5736CD}.Release|Any CPU.ActiveCfg = Release|Any CPU
		{D3FE6F0D-1791-4EA4-9096-78240E5736CD}.Release|Any CPU.Build.0 = Release|Any CPU
		{D3FE6F0D-1791-4EA4-9096-78240E5736CD}.Release|x64.ActiveCfg = Release|Any CPU
		{D3FE6F0D-1791-4EA4-9096-78240E5736CD}.Release|x64.Build.0 = Release|Any CPU
		{D3FE6F0D-1791-4EA4-9096-78240E5736CD}.Release|x86.ActiveCfg = Release|Any CPU
		{D3FE6F0D-1791-4EA4-9096-78240E5736CD}.Release|x86.Build.0 = Release|Any CPU
		{AC931D11-948A-4D30-9E30-B64D33ED2DA4}.Debug|Any CPU.ActiveCfg = Debug|Any CPU
		{AC931D11-948A-4D30-9E30-B64D33ED2DA4}.Debug|Any CPU.Build.0 = Debug|Any CPU
		{AC931D11-948A-4D30-9E30-B64D33ED2DA4}.Debug|x64.ActiveCfg = Debug|Any CPU
		{AC931D11-948A-4D30-9E30-B64D33ED2DA4}.Debug|x64.Build.0 = Debug|Any CPU
		{AC931D11-948A-4D30-9E30-B64D33ED2DA4}.Debug|x86.ActiveCfg = Debug|Any CPU
		{AC931D11-948A-4D30-9E30-B64D33ED2DA4}.Debug|x86.Build.0 = Debug|Any CPU
		{AC931D11-948A-4D30-9E30-B64D33ED2DA4}.Release|Any CPU.ActiveCfg = Release|Any CPU
		{AC931D11-948A-4D30-9E30-B64D33ED2DA4}.Release|Any CPU.Build.0 = Release|Any CPU
		{AC931D11-948A-4D30-9E30-B64D33ED2DA4}.Release|x64.ActiveCfg = Release|Any CPU
		{AC931D11-948A-4D30-9E30-B64D33ED2DA4}.Release|x64.Build.0 = Release|Any CPU
		{AC931D11-948A-4D30-9E30-B64D33ED2DA4}.Release|x86.ActiveCfg = Release|Any CPU
		{AC931D11-948A-4D30-9E30-B64D33ED2DA4}.Release|x86.Build.0 = Release|Any CPU
		{35795CEB-B402-4201-9D1D-30C735F06877}.Debug|Any CPU.ActiveCfg = Debug|Any CPU
		{35795CEB-B402-4201-9D1D-30C735F06877}.Debug|Any CPU.Build.0 = Debug|Any CPU
		{35795CEB-B402-4201-9D1D-30C735F06877}.Debug|x64.ActiveCfg = Debug|Any CPU
		{35795CEB-B402-4201-9D1D-30C735F06877}.Debug|x64.Build.0 = Debug|Any CPU
		{35795CEB-B402-4201-9D1D-30C735F06877}.Debug|x86.ActiveCfg = Debug|Any CPU
		{35795CEB-B402-4201-9D1D-30C735F06877}.Debug|x86.Build.0 = Debug|Any CPU
		{35795CEB-B402-4201-9D1D-30C735F06877}.Release|Any CPU.ActiveCfg = Release|Any CPU
		{35795CEB-B402-4201-9D1D-30C735F06877}.Release|Any CPU.Build.0 = Release|Any CPU
		{35795CEB-B402-4201-9D1D-30C735F06877}.Release|x64.ActiveCfg = Release|Any CPU
		{35795CEB-B402-4201-9D1D-30C735F06877}.Release|x64.Build.0 = Release|Any CPU
		{35795CEB-B402-4201-9D1D-30C735F06877}.Release|x86.ActiveCfg = Release|Any CPU
		{35795CEB-B402-4201-9D1D-30C735F06877}.Release|x86.Build.0 = Release|Any CPU
		{1C0E36A9-EE83-420D-B22C-D2D1DEBFDD68}.Debug|Any CPU.ActiveCfg = Debug|Any CPU
		{1C0E36A9-EE83-420D-B22C-D2D1DEBFDD68}.Debug|Any CPU.Build.0 = Debug|Any CPU
		{1C0E36A9-EE83-420D-B22C-D2D1DEBFDD68}.Debug|x64.ActiveCfg = Debug|Any CPU
		{1C0E36A9-EE83-420D-B22C-D2D1DEBFDD68}.Debug|x64.Build.0 = Debug|Any CPU
		{1C0E36A9-EE83-420D-B22C-D2D1DEBFDD68}.Debug|x86.ActiveCfg = Debug|Any CPU
		{1C0E36A9-EE83-420D-B22C-D2D1DEBFDD68}.Debug|x86.Build.0 = Debug|Any CPU
		{1C0E36A9-EE83-420D-B22C-D2D1DEBFDD68}.Release|Any CPU.ActiveCfg = Release|Any CPU
		{1C0E36A9-EE83-420D-B22C-D2D1DEBFDD68}.Release|Any CPU.Build.0 = Release|Any CPU
		{1C0E36A9-EE83-420D-B22C-D2D1DEBFDD68}.Release|x64.ActiveCfg = Release|Any CPU
		{1C0E36A9-EE83-420D-B22C-D2D1DEBFDD68}.Release|x64.Build.0 = Release|Any CPU
		{1C0E36A9-EE83-420D-B22C-D2D1DEBFDD68}.Release|x86.ActiveCfg = Release|Any CPU
		{1C0E36A9-EE83-420D-B22C-D2D1DEBFDD68}.Release|x86.Build.0 = Release|Any CPU
		{007A94C3-0EFC-49A5-AE32-59D5662CB9F9}.Debug|Any CPU.ActiveCfg = Debug|Any CPU
		{007A94C3-0EFC-49A5-AE32-59D5662CB9F9}.Debug|Any CPU.Build.0 = Debug|Any CPU
		{007A94C3-0EFC-49A5-AE32-59D5662CB9F9}.Debug|x64.ActiveCfg = Debug|Any CPU
		{007A94C3-0EFC-49A5-AE32-59D5662CB9F9}.Debug|x64.Build.0 = Debug|Any CPU
		{007A94C3-0EFC-49A5-AE32-59D5662CB9F9}.Debug|x86.ActiveCfg = Debug|Any CPU
		{007A94C3-0EFC-49A5-AE32-59D5662CB9F9}.Debug|x86.Build.0 = Debug|Any CPU
		{007A94C3-0EFC-49A5-AE32-59D5662CB9F9}.Release|Any CPU.ActiveCfg = Release|Any CPU
		{007A94C3-0EFC-49A5-AE32-59D5662CB9F9}.Release|Any CPU.Build.0 = Release|Any CPU
		{007A94C3-0EFC-49A5-AE32-59D5662CB9F9}.Release|x64.ActiveCfg = Release|Any CPU
		{007A94C3-0EFC-49A5-AE32-59D5662CB9F9}.Release|x64.Build.0 = Release|Any CPU
		{007A94C3-0EFC-49A5-AE32-59D5662CB9F9}.Release|x86.ActiveCfg = Release|Any CPU
		{007A94C3-0EFC-49A5-AE32-59D5662CB9F9}.Release|x86.Build.0 = Release|Any CPU
		{21E4EDD3-FDB4-413C-A795-A28F751D5BE8}.Debug|Any CPU.ActiveCfg = Debug|Any CPU
		{21E4EDD3-FDB4-413C-A795-A28F751D5BE8}.Debug|Any CPU.Build.0 = Debug|Any CPU
		{21E4EDD3-FDB4-413C-A795-A28F751D5BE8}.Debug|x64.ActiveCfg = Debug|Any CPU
		{21E4EDD3-FDB4-413C-A795-A28F751D5BE8}.Debug|x64.Build.0 = Debug|Any CPU
		{21E4EDD3-FDB4-413C-A795-A28F751D5BE8}.Debug|x86.ActiveCfg = Debug|Any CPU
		{21E4EDD3-FDB4-413C-A795-A28F751D5BE8}.Debug|x86.Build.0 = Debug|Any CPU
		{21E4EDD3-FDB4-413C-A795-A28F751D5BE8}.Release|Any CPU.ActiveCfg = Release|Any CPU
		{21E4EDD3-FDB4-413C-A795-A28F751D5BE8}.Release|Any CPU.Build.0 = Release|Any CPU
		{21E4EDD3-FDB4-413C-A795-A28F751D5BE8}.Release|x64.ActiveCfg = Release|Any CPU
		{21E4EDD3-FDB4-413C-A795-A28F751D5BE8}.Release|x64.Build.0 = Release|Any CPU
		{21E4EDD3-FDB4-413C-A795-A28F751D5BE8}.Release|x86.ActiveCfg = Release|Any CPU
		{21E4EDD3-FDB4-413C-A795-A28F751D5BE8}.Release|x86.Build.0 = Release|Any CPU
		{C00753E6-835A-4456-AA14-E7E8A9AF92D4}.Debug|Any CPU.ActiveCfg = Debug|Any CPU
		{C00753E6-835A-4456-AA14-E7E8A9AF92D4}.Debug|Any CPU.Build.0 = Debug|Any CPU
		{C00753E6-835A-4456-AA14-E7E8A9AF92D4}.Debug|x64.ActiveCfg = Debug|Any CPU
		{C00753E6-835A-4456-AA14-E7E8A9AF92D4}.Debug|x64.Build.0 = Debug|Any CPU
		{C00753E6-835A-4456-AA14-E7E8A9AF92D4}.Debug|x86.ActiveCfg = Debug|Any CPU
		{C00753E6-835A-4456-AA14-E7E8A9AF92D4}.Debug|x86.Build.0 = Debug|Any CPU
		{C00753E6-835A-4456-AA14-E7E8A9AF92D4}.Release|Any CPU.ActiveCfg = Release|Any CPU
		{C00753E6-835A-4456-AA14-E7E8A9AF92D4}.Release|Any CPU.Build.0 = Release|Any CPU
		{C00753E6-835A-4456-AA14-E7E8A9AF92D4}.Release|x64.ActiveCfg = Release|Any CPU
		{C00753E6-835A-4456-AA14-E7E8A9AF92D4}.Release|x64.Build.0 = Release|Any CPU
		{C00753E6-835A-4456-AA14-E7E8A9AF92D4}.Release|x86.ActiveCfg = Release|Any CPU
		{C00753E6-835A-4456-AA14-E7E8A9AF92D4}.Release|x86.Build.0 = Release|Any CPU
		{C1CC41C3-AFA1-4673-8B96-4470B1F2840C}.Debug|Any CPU.ActiveCfg = Debug|Any CPU
		{C1CC41C3-AFA1-4673-8B96-4470B1F2840C}.Debug|Any CPU.Build.0 = Debug|Any CPU
		{C1CC41C3-AFA1-4673-8B96-4470B1F2840C}.Debug|x64.ActiveCfg = Debug|Any CPU
		{C1CC41C3-AFA1-4673-8B96-4470B1F2840C}.Debug|x64.Build.0 = Debug|Any CPU
		{C1CC41C3-AFA1-4673-8B96-4470B1F2840C}.Debug|x86.ActiveCfg = Debug|Any CPU
		{C1CC41C3-AFA1-4673-8B96-4470B1F2840C}.Debug|x86.Build.0 = Debug|Any CPU
		{C1CC41C3-AFA1-4673-8B96-4470B1F2840C}.Release|Any CPU.ActiveCfg = Release|Any CPU
		{C1CC41C3-AFA1-4673-8B96-4470B1F2840C}.Release|Any CPU.Build.0 = Release|Any CPU
		{C1CC41C3-AFA1-4673-8B96-4470B1F2840C}.Release|x64.ActiveCfg = Release|Any CPU
		{C1CC41C3-AFA1-4673-8B96-4470B1F2840C}.Release|x64.Build.0 = Release|Any CPU
		{C1CC41C3-AFA1-4673-8B96-4470B1F2840C}.Release|x86.ActiveCfg = Release|Any CPU
		{C1CC41C3-AFA1-4673-8B96-4470B1F2840C}.Release|x86.Build.0 = Release|Any CPU
		
		
		{9BA16542-579C-42C9-B79D-912A9251BAC7}.Debug|Any CPU.ActiveCfg = Debug|Any CPU
		{9BA16542-579C-42C9-B79D-912A9251BAC7}.Debug|Any CPU.Build.0 = Debug|Any CPU
		{9BA16542-579C-42C9-B79D-912A9251BAC7}.Debug|x64.ActiveCfg = Debug|Any CPU
		{9BA16542-579C-42C9-B79D-912A9251BAC7}.Debug|x64.Build.0 = Debug|Any CPU
		{9BA16542-579C-42C9-B79D-912A9251BAC7}.Debug|x86.ActiveCfg = Debug|Any CPU
		{9BA16542-579C-42C9-B79D-912A9251BAC7}.Debug|x86.Build.0 = Debug|Any CPU
		{9BA16542-579C-42C9-B79D-912A9251BAC7}.Release|Any CPU.ActiveCfg = Release|Any CPU
		{9BA16542-579C-42C9-B79D-912A9251BAC7}.Release|Any CPU.Build.0 = Release|Any CPU
		{9BA16542-579C-42C9-B79D-912A9251BAC7}.Release|x64.ActiveCfg = Release|Any CPU
		{9BA16542-579C-42C9-B79D-912A9251BAC7}.Release|x64.Build.0 = Release|Any CPU
		{9BA16542-579C-42C9-B79D-912A9251BAC7}.Release|x86.ActiveCfg = Release|Any CPU
		{9BA16542-579C-42C9-B79D-912A9251BAC7}.Release|x86.Build.0 = Release|Any CPU
		{21CDF13E-3163-437B-BB27-AD32F14CF467}.Debug|Any CPU.ActiveCfg = Debug|Any CPU
		{21CDF13E-3163-437B-BB27-AD32F14CF467}.Debug|Any CPU.Build.0 = Debug|Any CPU
		{21CDF13E-3163-437B-BB27-AD32F14CF467}.Debug|x64.ActiveCfg = Debug|Any CPU
		{21CDF13E-3163-437B-BB27-AD32F14CF467}.Debug|x64.Build.0 = Debug|Any CPU
		{21CDF13E-3163-437B-BB27-AD32F14CF467}.Debug|x86.ActiveCfg = Debug|Any CPU
		{21CDF13E-3163-437B-BB27-AD32F14CF467}.Debug|x86.Build.0 = Debug|Any CPU
		{21CDF13E-3163-437B-BB27-AD32F14CF467}.Release|Any CPU.ActiveCfg = Release|Any CPU
		{21CDF13E-3163-437B-BB27-AD32F14CF467}.Release|Any CPU.Build.0 = Release|Any CPU
		{21CDF13E-3163-437B-BB27-AD32F14CF467}.Release|x64.ActiveCfg = Release|Any CPU
		{21CDF13E-3163-437B-BB27-AD32F14CF467}.Release|x64.Build.0 = Release|Any CPU
		{21CDF13E-3163-437B-BB27-AD32F14CF467}.Release|x86.ActiveCfg = Release|Any CPU
		{21CDF13E-3163-437B-BB27-AD32F14CF467}.Release|x86.Build.0 = Release|Any CPU
		{0994F5AE-C687-4717-872C-2C3F8882C062}.Debug|Any CPU.ActiveCfg = Debug|Any CPU
		{0994F5AE-C687-4717-872C-2C3F8882C062}.Debug|Any CPU.Build.0 = Debug|Any CPU
		{0994F5AE-C687-4717-872C-2C3F8882C062}.Debug|x64.ActiveCfg = Debug|Any CPU
		{0994F5AE-C687-4717-872C-2C3F8882C062}.Debug|x64.Build.0 = Debug|Any CPU
		{0994F5AE-C687-4717-872C-2C3F8882C062}.Debug|x86.ActiveCfg = Debug|Any CPU
		{0994F5AE-C687-4717-872C-2C3F8882C062}.Debug|x86.Build.0 = Debug|Any CPU
		{0994F5AE-C687-4717-872C-2C3F8882C062}.Release|Any CPU.ActiveCfg = Release|Any CPU
		{0994F5AE-C687-4717-872C-2C3F8882C062}.Release|Any CPU.Build.0 = Release|Any CPU
		{0994F5AE-C687-4717-872C-2C3F8882C062}.Release|x64.ActiveCfg = Release|Any CPU
		{0994F5AE-C687-4717-872C-2C3F8882C062}.Release|x64.Build.0 = Release|Any CPU
		{0994F5AE-C687-4717-872C-2C3F8882C062}.Release|x86.ActiveCfg = Release|Any CPU
		{0994F5AE-C687-4717-872C-2C3F8882C062}.Release|x86.Build.0 = Release|Any CPU
		{2A92327F-9897-4124-8627-8DE67309C10D}.Debug|Any CPU.ActiveCfg = Debug|Any CPU
		{2A92327F-9897-4124-8627-8DE67309C10D}.Debug|Any CPU.Build.0 = Debug|Any CPU
		{2A92327F-9897-4124-8627-8DE67309C10D}.Debug|x64.ActiveCfg = Debug|Any CPU
		{2A92327F-9897-4124-8627-8DE67309C10D}.Debug|x64.Build.0 = Debug|Any CPU
		{2A92327F-9897-4124-8627-8DE67309C10D}.Debug|x86.ActiveCfg = Debug|Any CPU
		{2A92327F-9897-4124-8627-8DE67309C10D}.Debug|x86.Build.0 = Debug|Any CPU
		{2A92327F-9897-4124-8627-8DE67309C10D}.Release|Any CPU.ActiveCfg = Release|Any CPU
		{2A92327F-9897-4124-8627-8DE67309C10D}.Release|Any CPU.Build.0 = Release|Any CPU
		{2A92327F-9897-4124-8627-8DE67309C10D}.Release|x64.ActiveCfg = Release|Any CPU
		{2A92327F-9897-4124-8627-8DE67309C10D}.Release|x64.Build.0 = Release|Any CPU
		{2A92327F-9897-4124-8627-8DE67309C10D}.Release|x86.ActiveCfg = Release|Any CPU
		{2A92327F-9897-4124-8627-8DE67309C10D}.Release|x86.Build.0 = Release|Any CPU
		{584BD363-C3B8-4D50-A93F-12151BB6CB55}.Debug|Any CPU.ActiveCfg = Debug|Any CPU
		{584BD363-C3B8-4D50-A93F-12151BB6CB55}.Debug|Any CPU.Build.0 = Debug|Any CPU
		{584BD363-C3B8-4D50-A93F-12151BB6CB55}.Debug|x64.ActiveCfg = Debug|Any CPU
		{584BD363-C3B8-4D50-A93F-12151BB6CB55}.Debug|x64.Build.0 = Debug|Any CPU
		{584BD363-C3B8-4D50-A93F-12151BB6CB55}.Debug|x86.ActiveCfg = Debug|Any CPU
		{584BD363-C3B8-4D50-A93F-12151BB6CB55}.Debug|x86.Build.0 = Debug|Any CPU
		{584BD363-C3B8-4D50-A93F-12151BB6CB55}.Release|Any CPU.ActiveCfg = Release|Any CPU
		{584BD363-C3B8-4D50-A93F-12151BB6CB55}.Release|Any CPU.Build.0 = Release|Any CPU
		{584BD363-C3B8-4D50-A93F-12151BB6CB55}.Release|x64.ActiveCfg = Release|Any CPU
		{584BD363-C3B8-4D50-A93F-12151BB6CB55}.Release|x64.Build.0 = Release|Any CPU
		{584BD363-C3B8-4D50-A93F-12151BB6CB55}.Release|x86.ActiveCfg = Release|Any CPU
		{584BD363-C3B8-4D50-A93F-12151BB6CB55}.Release|x86.Build.0 = Release|Any CPU
		{86395B70-646D-4854-8688-4B45BE569EC9}.Debug|Any CPU.ActiveCfg = Debug|Any CPU
		{86395B70-646D-4854-8688-4B45BE569EC9}.Debug|Any CPU.Build.0 = Debug|Any CPU
		{86395B70-646D-4854-8688-4B45BE569EC9}.Debug|x64.ActiveCfg = Debug|Any CPU
		{86395B70-646D-4854-8688-4B45BE569EC9}.Debug|x64.Build.0 = Debug|Any CPU
		{86395B70-646D-4854-8688-4B45BE569EC9}.Debug|x86.ActiveCfg = Debug|Any CPU
		{86395B70-646D-4854-8688-4B45BE569EC9}.Debug|x86.Build.0 = Debug|Any CPU
		{86395B70-646D-4854-8688-4B45BE569EC9}.Release|Any CPU.ActiveCfg = Release|Any CPU
		{86395B70-646D-4854-8688-4B45BE569EC9}.Release|Any CPU.Build.0 = Release|Any CPU
		{86395B70-646D-4854-8688-4B45BE569EC9}.Release|x64.ActiveCfg = Release|Any CPU
		{86395B70-646D-4854-8688-4B45BE569EC9}.Release|x64.Build.0 = Release|Any CPU
		{86395B70-646D-4854-8688-4B45BE569EC9}.Release|x86.ActiveCfg = Release|Any CPU
		{86395B70-646D-4854-8688-4B45BE569EC9}.Release|x86.Build.0 = Release|Any CPU
		{D4524F12-1922-4892-92EE-5B822F4DA341}.Debug|Any CPU.ActiveCfg = Debug|Any CPU
		{D4524F12-1922-4892-92EE-5B822F4DA341}.Debug|Any CPU.Build.0 = Debug|Any CPU
		{D4524F12-1922-4892-92EE-5B822F4DA341}.Debug|x64.ActiveCfg = Debug|Any CPU
		{D4524F12-1922-4892-92EE-5B822F4DA341}.Debug|x64.Build.0 = Debug|Any CPU
		{D4524F12-1922-4892-92EE-5B822F4DA341}.Debug|x86.ActiveCfg = Debug|Any CPU
		{D4524F12-1922-4892-92EE-5B822F4DA341}.Debug|x86.Build.0 = Debug|Any CPU
		{D4524F12-1922-4892-92EE-5B822F4DA341}.Release|Any CPU.ActiveCfg = Release|Any CPU
		{D4524F12-1922-4892-92EE-5B822F4DA341}.Release|Any CPU.Build.0 = Release|Any CPU
		{D4524F12-1922-4892-92EE-5B822F4DA341}.Release|x64.ActiveCfg = Release|Any CPU
		{D4524F12-1922-4892-92EE-5B822F4DA341}.Release|x64.Build.0 = Release|Any CPU
		{D4524F12-1922-4892-92EE-5B822F4DA341}.Release|x86.ActiveCfg = Release|Any CPU
		{D4524F12-1922-4892-92EE-5B822F4DA341}.Release|x86.Build.0 = Release|Any CPU
	EndGlobalSection
	GlobalSection(SolutionProperties) = preSolution
		HideSolutionNode = FALSE
	EndGlobalSection
	GlobalSection(ExtensibilityGlobals) = postSolution
		SolutionGuid = {1FFDE190-75B0-4019-B99C-DE919A18707D}
	EndGlobalSection
	GlobalSection(NestedProjects) = preSolution
		{58EAA16B-4B10-4C13-A852-F03E6C8BBC92} = {FB467803-901C-4565-93B3-0EFD31803372}
		{4E17E0FD-E98C-4460-949B-A7A310BF943A} = {1C91427F-0B50-43AA-BF5B-7B6575F956C4}
		{79AF3287-97E6-4846-88D9-3A2AAB2225B4} = {4E17E0FD-E98C-4460-949B-A7A310BF943A}
		{684F30DC-F48E-48AF-95BA-FAA0595FBC7D} = {4E17E0FD-E98C-4460-949B-A7A310BF943A}
		{D3FE6F0D-1791-4EA4-9096-78240E5736CD} = {4E17E0FD-E98C-4460-949B-A7A310BF943A}
		{AC931D11-948A-4D30-9E30-B64D33ED2DA4} = {4E17E0FD-E98C-4460-949B-A7A310BF943A}
		{C3536A55-8922-42EC-AA37-E08F1F51EB4D} = {1C91427F-0B50-43AA-BF5B-7B6575F956C4}
		{007A94C3-0EFC-49A5-AE32-59D5662CB9F9} = {C3536A55-8922-42EC-AA37-E08F1F51EB4D}
		{35795CEB-B402-4201-9D1D-30C735F06877} = {C3536A55-8922-42EC-AA37-E08F1F51EB4D}
		{1C0E36A9-EE83-420D-B22C-D2D1DEBFDD68} = {C3536A55-8922-42EC-AA37-E08F1F51EB4D}
		{BE917AC1-1A4C-4C56-BE77-5D2C3DCD8B35} = {1C91427F-0B50-43AA-BF5B-7B6575F956C4}
		{C1CC41C3-AFA1-4673-8B96-4470B1F2840C} = {BE917AC1-1A4C-4C56-BE77-5D2C3DCD8B35}
		{21E4EDD3-FDB4-413-A28F751D5BE8} = {CBB6AFC6-721E-4D77-9F99-4F9B17860AF4}
		{C00753E6-835A-4456-AA14-E7E8A9AF92D4} = {C890CA65-2C0D-4EAD-968C-35296DDC427C}
		
		{9BA16542-579C-42C9-B79D-912A9251BAC7} = {C3536A55-8922-42EC-AA37-E08F1F51EB4D}
		{21CDF13E-3163-437B-BB27-AD32F14CF467} = {C3536A55-8922-42EC-AA37-E08F1F51EB4D}
		{21E4EDD3-FDB4-413C-A795-A28F751D5BE8} = {CBB6AFC6-721E-4D77-9F99-4F9B17860AF4}
		{F5FF06EC-52BD-4B20-9932-F870C561BBD1} = {1C91427F-0B50-43AA-BF5B-7B6575F956C4}
		{86395B70-646D-4854-8688-4B45BE569EC9} = {F5FF06EC-52BD-4B20-9932-F870C561BBD1}
		{584BD363-C3B8-4D50-A93F-12151BB6CB55} = {F5FF06EC-52BD-4B20-9932-F870C561BBD1}
		{0994F5AE-C687-4717-872C-2C3F8882C062} = {6F23DE37-7148-43F1-A5B2-CE255099E0F1}
		{2A92327F-9897-4124-8627-8DE67309C10D} = {6F23DE37-7148-43F1-A5B2-CE255099E0F1}
		{D4524F12-1922-4892-92EE-5B822F4DA341} = {4E17E0FD-E98C-4460-949B-A7A310BF943A}
	EndGlobalSection
EndGlobal
