Microsoft Visual Studio Solution File, Format Version 12.00
# Visual Studio Version 16
VisualStudioVersion = 16.0.0.0
MinimumVisualStudioVersion = 16.0.0.0
Project("{2150E333-8FDC-42A3-9474-1A3956D46DE8}") = "ModularHouse.Client", "ModularHouse.Client", "{FB467803-901C-4565-93B3-0EFD31803372}"
EndProject
Project("{2150E333-8FDC-42A3-9474-1A3956D46DE8}") = "ModularHouse.Server", "ModularHouse.Server", "{1C91427F-0B50-43AA-BF5B-7B6575F956C4}"
EndProject
Project("{2150E333-8FDC-42A3-9474-1A3956D46DE8}") = "ModularHouse.Shared", "ModularHouse.Shared", "{CBB6AFC6-721E-4D77-9F99-4F9B17860AF4}"
EndProject
Project("{9A19103F-16F7-4668-BE54-9A1E7A4F7556}") = "ModularHouse.Client", "ModularHouse.Client\ModularHouse.Client.Blazor\ModularHouse.Client.Blazor.csproj", "{58EAA16B-4B10-4C13-A852-F03E6C8BBC92}"
EndProject
Project("{9A19103F-16F7-4668-BE54-9A1E7A4F7556}") = "ModularHouse.Server", "ModularHouse.Server\ModularHouse.Server.Api\ModularHouse.Server.Api.csproj", "{F2ACA0E1-46A1-4255-B31D-6EA8CB214C91}"
EndProject
Project("{9A19103F-16F7-4668-BE54-9A1E7A4F7556}") = "ModularHouse.Shared", "ModularHouse.Shared\ModularHouse.Shared.Models\ModularHouse.Shared.Models.csproj", "{21E4EDD3-FDB4-413C-A795-A28F751D5BE8}"
EndProject
Project("{2150E333-8FDC-42A3-9474-1A3956D46DE8}") = "ModularHouse.Mqtt", "ModularHouse.Mqtt", "{C890CA65-2C0D-4EAD-968C-35296DDC427C}"
EndProject
Project("{FAE04EC0-301F-11D3-BF4B-00C04F79EFBC}") = "ModularHouse.Mqtt.Broker", "ModularHouse.Mqtt\ModularHouse.Mqtt.Broker\ModularHouse.Mqtt.Broker.csproj", "{C00753E6-835A-4456-AA14-E7E8A9AF92D4}"
EndProject
Project("{FAE04EC0-301F-11D3-BF4B-00C04F79EFBC}") = "ModularHouse.Server.Domain", "ModularHouse.Server\ModularHouse.Server.Domain\ModularHouse.Server.Domain.csproj", "{1AE2465D-91BD-46E6-94DF-722352E25284}"
EndProject
Project("{FAE04EC0-301F-11D3-BF4B-00C04F79EFBC}") = "ModularHouse.Server.Application", "ModularHouse.Server\ModularHouse.Server.Application\ModularHouse.Server.Application.csproj", "{02E970B6-74CB-488C-98CB-EBB2AC7894F5}"
EndProject
Project("{FAE04EC0-301F-11D3-BF4B-00C04F79EFBC}") = "ModularHouse.Server.Infrastructure", "ModularHouse.Server\ModularHouse.Server.Infrastructure\ModularHouse.Server.Infrastructure.csproj", "{C5F0EE9D-ABCE-4A2D-98A8-51BCD6DED8DE}"
EndProject
Project("{2150E333-8FDC-42A3-9474-1A3956D46DE8}") = "Server", "Server", "{36482ADA-4806-4AE7-A774-EC1733985046}"
EndProject
Project("{2150E333-8FDC-42A3-9474-1A3956D46DE8}") = "DeviceManagement", "DeviceManagement", "{C3536A55-8922-42EC-AA37-E08F1F51EB4D}"
EndProject
Project("{FAE04EC0-301F-11D3-BF4B-00C04F79EFBC}") = "DeviceManagement.Api", "DeviceManagement.Api\DeviceManagement.Api.csproj", "{E09523FB-E42B-47BA-A780-09712A844E96}"
EndProject
Project("{FAE04EC0-301F-11D3-BF4B-00C04F79EFBC}") = "DeviceManagement.Infrastructure", "DeviceManagement.Infrastructure\DeviceManagement.Infrastructure.csproj", "{007A94C3-0EFC-49A5-AE32-59D5662CB9F9}"
EndProject
Project("{FAE04EC0-301F-11D3-BF4B-00C04F79EFBC}") = "DeviceManagement.Domain", "DeviceManagement.Domain\DeviceManagement.Domain.csproj", "{35795CEB-B402-4201-9D1D-30C735F06877}"
EndProject
Project("{FAE04EC0-301F-11D3-BF4B-00C04F79EFBC}") = "DeviceManagement.Application", "DeviceManagement.Application\DeviceManagement.Application.csproj", "{1C0E36A9-EE83-420D-B22C-D2D1DEBFDD68}"
EndProject
Global
	GlobalSection(SolutionConfigurationPlatforms) = preSolution
		Debug|Any CPU = Debug|Any CPU
		Debug|x64 = Debug|x64
		Debug|x86 = Debug|x86
		Release|Any CPU = Release|Any CPU
		Release|x64 = Release|x64
		Release|x86 = Release|x86
	EndGlobalSection
	GlobalSection(ProjectConfigurationPlatforms) = postSolution
		{58EAA16B-4B10-4C13-A852-F03E6C8BBC92}.Debug|Any CPU.ActiveCfg = Debug|Any CPU
		{58EAA16B-4B10-4C13-A852-F03E6C8BBC92}.Debug|Any CPU.Build.0 = Debug|Any CPU
		{58EAA16B-4B10-4C13-A852-F03E6C8BBC92}.Debug|x64.ActiveCfg = Debug|Any CPU
		{58EAA16B-4B10-4C13-A852-F03E6C8BBC92}.Debug|x64.Build.0 = Debug|Any CPU
		{58EAA16B-4B10-4C13-A852-F03E6C8BBC92}.Debug|x86.ActiveCfg = Debug|Any CPU
		{58EAA16B-4B10-4C13-A852-F03E6C8BBC92}.Debug|x86.Build.0 = Debug|Any CPU
		{58EAA16B-4B10-4C13-A852-F03E6C8BBC92}.Release|Any CPU.ActiveCfg = Release|Any CPU
		{58EAA16B-4B10-4C13-A852-F03E6C8BBC92}.Release|Any CPU.Build.0 = Release|Any CPU
		{58EAA16B-4B10-4C13-A852-F03E6C8BBC92}.Release|x64.ActiveCfg = Release|Any CPU
		{58EAA16B-4B10-4C13-A852-F03E6C8BBC92}.Release|x64.Build.0 = Release|Any CPU
		{58EAA16B-4B10-4C13-A852-F03E6C8BBC92}.Release|x86.ActiveCfg = Release|Any CPU
		{58EAA16B-4B10-4C13-A852-F03E6C8BBC92}.Release|x86.Build.0 = Release|Any CPU
		{F2ACA0E1-46A1-4255-B31D-6EA8CB214C91}.Debug|Any CPU.ActiveCfg = Debug|Any CPU
		{F2ACA0E1-46A1-4255-B31D-6EA8CB214C91}.Debug|Any CPU.Build.0 = Debug|Any CPU
		{F2ACA0E1-46A1-4255-B31D-6EA8CB214C91}.Debug|x64.ActiveCfg = Debug|Any CPU
		{F2ACA0E1-46A1-4255-B31D-6EA8CB214C91}.Debug|x64.Build.0 = Debug|Any CPU
		{F2ACA0E1-46A1-4255-B31D-6EA8CB214C91}.Debug|x86.ActiveCfg = Debug|Any CPU
		{F2ACA0E1-46A1-4255-B31D-6EA8CB214C91}.Debug|x86.Build.0 = Debug|Any CPU
		{F2ACA0E1-46A1-4255-B31D-6EA8CB214C91}.Release|Any CPU.ActiveCfg = Release|Any CPU
		{F2ACA0E1-46A1-4255-B31D-6EA8CB214C91}.Release|Any CPU.Build.0 = Release|Any CPU
		{F2ACA0E1-46A1-4255-B31D-6EA8CB214C91}.Release|x64.ActiveCfg = Release|Any CPU
		{F2ACA0E1-46A1-4255-B31D-6EA8CB214C91}.Release|x64.Build.0 = Release|Any CPU
		{F2ACA0E1-46A1-4255-B31D-6EA8CB214C91}.Release|x86.ActiveCfg = Release|Any CPU
		{F2ACA0E1-46A1-4255-B31D-6EA8CB214C91}.Release|x86.Build.0 = Release|Any CPU
		{21E4EDD3-FDB4-413C-A795-A28F751D5BE8}.Debug|Any CPU.ActiveCfg = Debug|Any CPU
		{21E4EDD3-FDB4-413C-A795-A28F751D5BE8}.Debug|Any CPU.Build.0 = Debug|Any CPU
		{21E4EDD3-FDB4-413C-A795-A28F751D5BE8}.Debug|x64.ActiveCfg = Debug|Any CPU
		{21E4EDD3-FDB4-413C-A795-A28F751D5BE8}.Debug|x64.Build.0 = Debug|Any CPU
		{21E4EDD3-FDB4-413C-A795-A28F751D5BE8}.Debug|x86.ActiveCfg = Debug|Any CPU
		{21E4EDD3-FDB4-413C-A795-A28F751D5BE8}.Debug|x86.Build.0 = Debug|Any CPU
		{21E4EDD3-FDB4-413C-A795-A28F751D5BE8}.Release|Any CPU.ActiveCfg = Release|Any CPU
		{21E4EDD3-FDB4-413C-A795-A28F751D5BE8}.Release|Any CPU.Build.0 = Release|Any CPU
		{21E4EDD3-FDB4-413C-A795-A28F751D5BE8}.Release|x64.ActiveCfg = Release|Any CPU
		{21E4EDD3-FDB4-413C-A795-A28F751D5BE8}.Release|x64.Build.0 = Release|Any CPU
		{21E4EDD3-FDB4-413C-A795-A28F751D5BE8}.Release|x86.ActiveCfg = Release|Any CPU
		{21E4EDD3-FDB4-413C-A795-A28F751D5BE8}.Release|x86.Build.0 = Release|Any CPU
		{C00753E6-835A-4456-AA14-E7E8A9AF92D4}.Debug|Any CPU.ActiveCfg = Debug|Any CPU
		{C00753E6-835A-4456-AA14-E7E8A9AF92D4}.Debug|Any CPU.Build.0 = Debug|Any CPU
		{C00753E6-835A-4456-AA14-E7E8A9AF92D4}.Debug|x64.ActiveCfg = Debug|Any CPU
		{C00753E6-835A-4456-AA14-E7E8A9AF92D4}.Debug|x64.Build.0 = Debug|Any CPU
		{C00753E6-835A-4456-AA14-E7E8A9AF92D4}.Debug|x86.ActiveCfg = Debug|Any CPU
		{C00753E6-835A-4456-AA14-E7E8A9AF92D4}.Debug|x86.Build.0 = Debug|Any CPU
		{C00753E6-835A-4456-AA14-E7E8A9AF92D4}.Release|Any CPU.ActiveCfg = Release|Any CPU
		{C00753E6-835A-4456-AA14-E7E8A9AF92D4}.Release|Any CPU.Build.0 = Release|Any CPU
		{C00753E6-835A-4456-AA14-E7E8A9AF92D4}.Release|x64.ActiveCfg = Release|Any CPU
		{C00753E6-835A-4456-AA14-E7E8A9AF92D4}.Release|x64.Build.0 = Release|Any CPU
		{C00753E6-835A-4456-AA14-E7E8A9AF92D4}.Release|x86.ActiveCfg = Release|Any CPU
		{C00753E6-835A-4456-AA14-E7E8A9AF92D4}.Release|x86.Build.0 = Release|Any CPU
		{1AE2465D-91BD-46E6-94DF-722352E25284}.Debug|Any CPU.ActiveCfg = Debug|Any CPU
		{1AE2465D-91BD-46E6-94DF-722352E25284}.Debug|Any CPU.Build.0 = Debug|Any CPU
		{1AE2465D-91BD-46E6-94DF-722352E25284}.Debug|x64.ActiveCfg = Debug|Any CPU
		{1AE2465D-91BD-46E6-94DF-722352E25284}.Debug|x64.Build.0 = Debug|Any CPU
		{1AE2465D-91BD-46E6-94DF-722352E25284}.Debug|x86.ActiveCfg = Debug|Any CPU
		{1AE2465D-91BD-46E6-94DF-722352E25284}.Debug|x86.Build.0 = Debug|Any CPU
		{1AE2465D-91BD-46E6-94DF-722352E25284}.Release|Any CPU.ActiveCfg = Release|Any CPU
		{1AE2465D-91BD-46E6-94DF-722352E25284}.Release|Any CPU.Build.0 = Release|Any CPU
		{1AE2465D-91BD-46E6-94DF-722352E25284}.Release|x64.ActiveCfg = Release|Any CPU
		{1AE2465D-91BD-46E6-94DF-722352E25284}.Release|x64.Build.0 = Release|Any CPU
		{1AE2465D-91BD-46E6-94DF-722352E25284}.Release|x86.ActiveCfg = Release|Any CPU
		{1AE2465D-91BD-46E6-94DF-722352E25284}.Release|x86.Build.0 = Release|Any CPU
		{02E970B6-74CB-488C-98CB-EBB2AC7894F5}.Debug|Any CPU.ActiveCfg = Debug|Any CPU
		{02E970B6-74CB-488C-98CB-EBB2AC7894F5}.Debug|Any CPU.Build.0 = Debug|Any CPU
		{02E970B6-74CB-488C-98CB-EBB2AC7894F5}.Debug|x64.ActiveCfg = Debug|Any CPU
		{02E970B6-74CB-488C-98CB-EBB2AC7894F5}.Debug|x64.Build.0 = Debug|Any CPU
		{02E970B6-74CB-488C-98CB-EBB2AC7894F5}.Debug|x86.ActiveCfg = Debug|Any CPU
		{02E970B6-74CB-488C-98CB-EBB2AC7894F5}.Debug|x86.Build.0 = Debug|Any CPU
		{02E970B6-74CB-488C-98CB-EBB2AC7894F5}.Release|Any CPU.ActiveCfg = Release|Any CPU
		{02E970B6-74CB-488C-98CB-EBB2AC7894F5}.Release|Any CPU.Build.0 = Release|Any CPU
		{02E970B6-74CB-488C-98CB-EBB2AC7894F5}.Release|x64.ActiveCfg = Release|Any CPU
		{02E970B6-74CB-488C-98CB-EBB2AC7894F5}.Release|x64.Build.0 = Release|Any CPU
		{02E970B6-74CB-488C-98CB-EBB2AC7894F5}.Release|x86.ActiveCfg = Release|Any CPU
		{02E970B6-74CB-488C-98CB-EBB2AC7894F5}.Release|x86.Build.0 = Release|Any CPU
		{C5F0EE9D-ABCE-4A2D-98A8-51BCD6DED8DE}.Debug|Any CPU.ActiveCfg = Debug|Any CPU
		{C5F0EE9D-ABCE-4A2D-98A8-51BCD6DED8DE}.Debug|Any CPU.Build.0 = Debug|Any CPU
		{C5F0EE9D-ABCE-4A2D-98A8-51BCD6DED8DE}.Debug|x64.ActiveCfg = Debug|Any CPU
		{C5F0EE9D-ABCE-4A2D-98A8-51BCD6DED8DE}.Debug|x64.Build.0 = Debug|Any CPU
		{C5F0EE9D-ABCE-4A2D-98A8-51BCD6DED8DE}.Debug|x86.ActiveCfg = Debug|Any CPU
		{C5F0EE9D-ABCE-4A2D-98A8-51BCD6DED8DE}.Debug|x86.Build.0 = Debug|Any CPU
		{C5F0EE9D-ABCE-4A2D-98A8-51BCD6DED8DE}.Release|Any CPU.ActiveCfg = Release|Any CPU
		{C5F0EE9D-ABCE-4A2D-98A8-51BCD6DED8DE}.Release|Any CPU.Build.0 = Release|Any CPU
		{C5F0EE9D-ABCE-4A2D-98A8-51BCD6DED8DE}.Release|x64.ActiveCfg = Release|Any CPU
		{C5F0EE9D-ABCE-4A2D-98A8-51BCD6DED8DE}.Release|x64.Build.0 = Release|Any CPU
		{C5F0EE9D-ABCE-4A2D-98A8-51BCD6DED8DE}.Release|x86.ActiveCfg = Release|Any CPU
		{C5F0EE9D-ABCE-4A2D-98A8-51BCD6DED8DE}.Release|x86.Build.0 = Release|Any CPU
		{E09523FB-E42B-47BA-A780-09712A844E96}.Debug|Any CPU.ActiveCfg = Debug|Any CPU
		{E09523FB-E42B-47BA-A780-09712A844E96}.Debug|Any CPU.Build.0 = Debug|Any CPU
		{E09523FB-E42B-47BA-A780-09712A844E96}.Debug|x64.ActiveCfg = Debug|Any CPU
		{E09523FB-E42B-47BA-A780-09712A844E96}.Debug|x64.Build.0 = Debug|Any CPU
		{E09523FB-E42B-47BA-A780-09712A844E96}.Debug|x86.ActiveCfg = Debug|Any CPU
		{E09523FB-E42B-47BA-A780-09712A844E96}.Debug|x86.Build.0 = Debug|Any CPU
		{E09523FB-E42B-47BA-A780-09712A844E96}.Release|Any CPU.ActiveCfg = Release|Any CPU
		{E09523FB-E42B-47BA-A780-09712A844E96}.Release|Any CPU.Build.0 = Release|Any CPU
		{E09523FB-E42B-47BA-A780-09712A844E96}.Release|x64.ActiveCfg = Release|Any CPU
		{E09523FB-E42B-47BA-A780-09712A844E96}.Release|x64.Build.0 = Release|Any CPU
		{E09523FB-E42B-47BA-A780-09712A844E96}.Release|x86.ActiveCfg = Release|Any CPU
		{E09523FB-E42B-47BA-A780-09712A844E96}.Release|x86.Build.0 = Release|Any CPU
		{007A94C3-0EFC-49A5-AE32-59D5662CB9F9}.Debug|Any CPU.ActiveCfg = Debug|Any CPU
		{007A94C3-0EFC-49A5-AE32-59D5662CB9F9}.Debug|Any CPU.Build.0 = Debug|Any CPU
		{007A94C3-0EFC-49A5-AE32-59D5662CB9F9}.Debug|x64.ActiveCfg = Debug|Any CPU
		{007A94C3-0EFC-49A5-AE32-59D5662CB9F9}.Debug|x64.Build.0 = Debug|Any CPU
		{007A94C3-0EFC-49A5-AE32-59D5662CB9F9}.Debug|x86.ActiveCfg = Debug|Any CPU
		{007A94C3-0EFC-49A5-AE32-59D5662CB9F9}.Debug|x86.Build.0 = Debug|Any CPU
		{007A94C3-0EFC-49A5-AE32-59D5662CB9F9}.Release|Any CPU.ActiveCfg = Release|Any CPU
		{007A94C3-0EFC-49A5-AE32-59D5662CB9F9}.Release|Any CPU.Build.0 = Release|Any CPU
		{007A94C3-0EFC-49A5-AE32-59D5662CB9F9}.Release|x64.ActiveCfg = Release|Any CPU
		{007A94C3-0EFC-49A5-AE32-59D5662CB9F9}.Release|x64.Build.0 = Release|Any CPU
		{007A94C3-0EFC-49A5-AE32-59D5662CB9F9}.Release|x86.ActiveCfg = Release|Any CPU
		{007A94C3-0EFC-49A5-AE32-59D5662CB9F9}.Release|x86.Build.0 = Release|Any CPU
		{35795CEB-B402-4201-9D1D-30C735F06877}.Debug|Any CPU.ActiveCfg = Debug|Any CPU
		{35795CEB-B402-4201-9D1D-30C735F06877}.Debug|Any CPU.Build.0 = Debug|Any CPU
		{35795CEB-B402-4201-9D1D-30C735F06877}.Debug|x64.ActiveCfg = Debug|Any CPU
		{35795CEB-B402-4201-9D1D-30C735F06877}.Debug|x64.Build.0 = Debug|Any CPU
		{35795CEB-B402-4201-9D1D-30C735F06877}.Debug|x86.ActiveCfg = Debug|Any CPU
		{35795CEB-B402-4201-9D1D-30C735F06877}.Debug|x86.Build.0 = Debug|Any CPU
		{35795CEB-B402-4201-9D1D-30C735F06877}.Release|Any CPU.ActiveCfg = Release|Any CPU
		{35795CEB-B402-4201-9D1D-30C735F06877}.Release|Any CPU.Build.0 = Release|Any CPU
		{35795CEB-B402-4201-9D1D-30C735F06877}.Release|x64.ActiveCfg = Release|Any CPU
		{35795CEB-B402-4201-9D1D-30C735F06877}.Release|x64.Build.0 = Release|Any CPU
		{35795CEB-B402-4201-9D1D-30C735F06877}.Release|x86.ActiveCfg = Release|Any CPU
		{35795CEB-B402-4201-9D1D-30C735F06877}.Release|x86.Build.0 = Release|Any CPU
		{1C0E36A9-EE83-420D-B22C-D2D1DEBFDD68}.Debug|Any CPU.ActiveCfg = Debug|Any CPU
		{1C0E36A9-EE83-420D-B22C-D2D1DEBFDD68}.Debug|Any CPU.Build.0 = Debug|Any CPU
		{1C0E36A9-EE83-420D-B22C-D2D1DEBFDD68}.Debug|x64.ActiveCfg = Debug|Any CPU
		{1C0E36A9-EE83-420D-B22C-D2D1DEBFDD68}.Debug|x64.Build.0 = Debug|Any CPU
		{1C0E36A9-EE83-420D-B22C-D2D1DEBFDD68}.Debug|x86.ActiveCfg = Debug|Any CPU
		{1C0E36A9-EE83-420D-B22C-D2D1DEBFDD68}.Debug|x86.Build.0 = Debug|Any CPU
		{1C0E36A9-EE83-420D-B22C-D2D1DEBFDD68}.Release|Any CPU.ActiveCfg = Release|Any CPU
		{1C0E36A9-EE83-420D-B22C-D2D1DEBFDD68}.Release|Any CPU.Build.0 = Release|Any CPU
		{1C0E36A9-EE83-420D-B22C-D2D1DEBFDD68}.Release|x64.ActiveCfg = Release|Any CPU
		{1C0E36A9-EE83-420D-B22C-D2D1DEBFDD68}.Release|x64.Build.0 = Release|Any CPU
		{1C0E36A9-EE83-420D-B22C-D2D1DEBFDD68}.Release|x86.ActiveCfg = Release|Any CPU
		{1C0E36A9-EE83-420D-B22C-D2D1DEBFDD68}.Release|x86.Build.0 = Release|Any CPU
	EndGlobalSection
	GlobalSection(SolutionProperties) = preSolution
		HideSolutionNode = FALSE
	EndGlobalSection
	GlobalSection(ExtensibilityGlobals) = postSolution
		SolutionGuid = {1FFDE190-75B0-4019-B99C-DE919A18707D}
	EndGlobalSection
	GlobalSection(NestedProjects) = preSolution
		{58EAA16B-4B10-4C13-A852-F03E6C8BBC92} = {FB467803-901C-4565-93B3-0EFD31803372}
		{21E4EDD3-FDB4-413C-A795-A28F751D5BE8} = {CBB6AFC6-721E-4D77-9F99-4F9B17860AF4}
		{F2ACA0E1-46A1-4255-B31D-6EA8CB214C91} = {1C91427F-0B50-43AA-BF5B-7B6575F956C4}
		{C00753E6-835A-4456-AA14-E7E8A9AF92D4} = {C890CA65-2C0D-4EAD-968C-35296DDC427C}
		{1AE2465D-91BD-46E6-94DF-722352E25284} = {1C91427F-0B50-43AA-BF5B-7B6575F956C4}
		{02E970B6-74CB-488C-98CB-EBB2AC7894F5} = {1C91427F-0B50-43AA-BF5B-7B6575F956C4}
		{C5F0EE9D-ABCE-4A2D-98A8-51BCD6DED8DE} = {1C91427F-0B50-43AA-BF5B-7B6575F956C4}
		{C3536A55-8922-42EC-AA37-E08F1F51EB4D} = {36482ADA-4806-4AE7-A774-EC1733985046}
		{E09523FB-E42B-47BA-A780-09712A844E96} = {C3536A55-8922-42EC-AA37-E08F1F51EB4D}
		{007A94C3-0EFC-49A5-AE32-59D5662CB9F9} = {C3536A55-8922-42EC-AA37-E08F1F51EB4D}
		{35795CEB-B402-4201-9D1D-30C735F06877} = {C3536A55-8922-42EC-AA37-E08F1F51EB4D}
		{1C0E36A9-EE83-420D-B22C-D2D1DEBFDD68} = {C3536A55-8922-42EC-AA37-E08F1F51EB4D}
	EndGlobalSection
EndGlobal
